
Microsoft Visual Studio Solution File, Format Version 12.00
Project("{2150E333-8FDC-42A3-9474-1A3956D46DE8}") = "Doc", "Doc", "{A36D88A7-7F25-4E47-AC75-967356651E94}"
EndProject
Project("{2150E333-8FDC-42A3-9474-1A3956D46DE8}") = "Src", "Src", "{9BABBA57-8661-48DF-A461-90460FA0ED22}"
EndProject
Project("{2150E333-8FDC-42A3-9474-1A3956D46DE8}") = "Presentation", "Presentation", "{1F637694-AC51-41A5-A472-ED59BB7B4AB7}"
EndProject
Project("{FAE04EC0-301F-11D3-BF4B-00C04F79EFBC}") = "CreditInfo.API", "Creditinfo\src\CreditInfo.API\CreditInfo.API.csproj", "{C67CD053-BA57-4EB2-8991-8C8B7094DE1F}"
EndProject
Project("{2150E333-8FDC-42A3-9474-1A3956D46DE8}") = "Infrastructure", "Infrastructure", "{4BD3F20F-2FDD-4FDD-BD24-DC377569B416}"
EndProject
Project("{2150E333-8FDC-42A3-9474-1A3956D46DE8}") = "Core", "Core", "{B2F1B650-D596-4F53-971A-CB56C9B5E5E0}"
EndProject
Project("{FAE04EC0-301F-11D3-BF4B-00C04F79EFBC}") = "CreditInfo.Application", "Creditinfo\src\CreditInfo.Application\CreditInfo.Application.csproj", "{B4720D44-F717-4C69-B469-DFF79F62D72A}"
EndProject
Project("{FAE04EC0-301F-11D3-BF4B-00C04F79EFBC}") = "CreditInfo.Persistance", "Creditinfo\src\CreditInfo.Persistance\CreditInfo.Persistance.csproj", "{1B866662-19B3-4FC7-8D58-A1DB591BCD0D}"
EndProject
Project("{FAE04EC0-301F-11D3-BF4B-00C04F79EFBC}") = "CreditInfo.Domain", "Creditinfo\src\CreditInfo.Domain\CreditInfo.Domain.csproj", "{446BDCCE-4797-4184-A571-D896BB48FD25}"
EndProject
Global
	GlobalSection(SolutionConfigurationPlatforms) = preSolution
		Debug|Any CPU = Debug|Any CPU
		Release|Any CPU = Release|Any CPU
	EndGlobalSection
	GlobalSection(ProjectConfigurationPlatforms) = postSolution
		{C67CD053-BA57-4EB2-8991-8C8B7094DE1F}.Debug|Any CPU.ActiveCfg = Debug|Any CPU
		{C67CD053-BA57-4EB2-8991-8C8B7094DE1F}.Debug|Any CPU.Build.0 = Debug|Any CPU
		{C67CD053-BA57-4EB2-8991-8C8B7094DE1F}.Release|Any CPU.ActiveCfg = Release|Any CPU
		{C67CD053-BA57-4EB2-8991-8C8B7094DE1F}.Release|Any CPU.Build.0 = Release|Any CPU
		{B4720D44-F717-4C69-B469-DFF79F62D72A}.Debug|Any CPU.ActiveCfg = Debug|Any CPU
		{B4720D44-F717-4C69-B469-DFF79F62D72A}.Debug|Any CPU.Build.0 = Debug|Any CPU
		{B4720D44-F717-4C69-B469-DFF79F62D72A}.Release|Any CPU.ActiveCfg = Release|Any CPU
		{B4720D44-F717-4C69-B469-DFF79F62D72A}.Release|Any CPU.Build.0 = Release|Any CPU
		{1B866662-19B3-4FC7-8D58-A1DB591BCD0D}.Debug|Any CPU.ActiveCfg = Debug|Any CPU
		{1B866662-19B3-4FC7-8D58-A1DB591BCD0D}.Debug|Any CPU.Build.0 = Debug|Any CPU
		{1B866662-19B3-4FC7-8D58-A1DB591BCD0D}.Release|Any CPU.ActiveCfg = Release|Any CPU
		{1B866662-19B3-4FC7-8D58-A1DB591BCD0D}.Release|Any CPU.Build.0 = Release|Any CPU
		{446BDCCE-4797-4184-A571-D896BB48FD25}.Debug|Any CPU.ActiveCfg = Debug|Any CPU
		{446BDCCE-4797-4184-A571-D896BB48FD25}.Debug|Any CPU.Build.0 = Debug|Any CPU
		{446BDCCE-4797-4184-A571-D896BB48FD25}.Release|Any CPU.ActiveCfg = Release|Any CPU
		{446BDCCE-4797-4184-A571-D896BB48FD25}.Release|Any CPU.Build.0 = Release|Any CPU
	EndGlobalSection
	GlobalSection(NestedProjects) = preSolution
		{1F637694-AC51-41A5-A472-ED59BB7B4AB7} = {9BABBA57-8661-48DF-A461-90460FA0ED22}
		{C67CD053-BA57-4EB2-8991-8C8B7094DE1F} = {1F637694-AC51-41A5-A472-ED59BB7B4AB7}
		{4BD3F20F-2FDD-4FDD-BD24-DC377569B416} = {9BABBA57-8661-48DF-A461-90460FA0ED22}
		{B2F1B650-D596-4F53-971A-CB56C9B5E5E0} = {9BABBA57-8661-48DF-A461-90460FA0ED22}
		{B4720D44-F717-4C69-B469-DFF79F62D72A} = {B2F1B650-D596-4F53-971A-CB56C9B5E5E0}
		{1B866662-19B3-4FC7-8D58-A1DB591BCD0D} = {4BD3F20F-2FDD-4FDD-BD24-DC377569B416}
		{446BDCCE-4797-4184-A571-D896BB48FD25} = {B2F1B650-D596-4F53-971A-CB56C9B5E5E0}
	EndGlobalSection
EndGlobal
